
Microsoft Visual Studio Solution File, Format Version 12.00
# Visual Studio Version 17
VisualStudioVersion = 17.4.33213.308
MinimumVisualStudioVersion = 10.0.40219.1
Project("{FAE04EC0-301F-11D3-BF4B-00C04F79EFBC}") = "NoteApi7", "NoteApi7\NoteApi7.csproj", "{17E49B70-1843-4CB2-B18B-EA57286BF6E2}"
EndProject
Global
	GlobalSection(SolutionConfigurationPlatforms) = preSolution
		Debug|Any CPU = Debug|Any CPU
		Release|Any CPU = Release|Any CPU
	EndGlobalSection
	GlobalSection(ProjectConfigurationPlatforms) = postSolution
		{17E49B70-1843-4CB2-B18B-EA57286BF6E2}.Debug|Any CPU.ActiveCfg = Debug|Any CPU
		{17E49B70-1843-4CB2-B18B-EA57286BF6E2}.Debug|Any CPU.Build.0 = Debug|Any CPU
		{17E49B70-1843-4CB2-B18B-EA57286BF6E2}.Release|Any CPU.ActiveCfg = Release|Any CPU
		{17E49B70-1843-4CB2-B18B-EA57286BF6E2}.Release|Any CPU.Build.0 = Release|Any CPU
	EndGlobalSection
	GlobalSection(SolutionProperties) = preSolution
		HideSolutionNode = FALSE
	EndGlobalSection
	GlobalSection(ExtensibilityGlobals) = postSolution
		SolutionGuid = {AF362172-1B20-4883-9EA7-568022B90F04}
	EndGlobalSection
EndGlobal
